
Microsoft Visual Studio Solution File, Format Version 12.00
# Visual Studio 15
VisualStudioVersion = 15.0.28307.106
MinimumVisualStudioVersion = 10.0.40219.1
Project("{8BC9CEB8-8B4A-11D0-8D11-00A0C91BC942}") = "cli", "ovpn3-core.vcxproj", "{1F891260-2039-494F-9777-EC5166AF31BC}"
EndProject
Global
	GlobalSection(SolutionConfigurationPlatforms) = preSolution
		Debug|ARM = Debug|ARM
		Debug|x64 = Debug|x64
		Debug|x86 = Debug|x86
		DebugAgent|ARM = DebugAgent|ARM
		DebugAgent|x64 = DebugAgent|x64
		DebugAgent|x86 = DebugAgent|x86
		DebugOpenSSL|ARM = DebugOpenSSL|ARM
		DebugOpenSSL|x64 = DebugOpenSSL|x64
		DebugOpenSSL|x86 = DebugOpenSSL|x86
		Release|ARM = Release|ARM
		Release|x64 = Release|x64
		Release|x86 = Release|x86
		ReleaseOpenSSL|ARM = ReleaseOpenSSL|ARM
		ReleaseOpenSSL|x64 = ReleaseOpenSSL|x64
		ReleaseOpenSSL|x86 = ReleaseOpenSSL|x86
	EndGlobalSection
	GlobalSection(ProjectConfigurationPlatforms) = postSolution
		{1F891260-2039-494F-9777-EC5166AF31BC}.Debug|ARM.ActiveCfg = Debug|x64
		{1F891260-2039-494F-9777-EC5166AF31BC}.Debug|x64.ActiveCfg = Debug|x64
		{1F891260-2039-494F-9777-EC5166AF31BC}.Debug|x64.Build.0 = Debug|x64
		{1F891260-2039-494F-9777-EC5166AF31BC}.Debug|x86.ActiveCfg = Debug|x64
		{1F891260-2039-494F-9777-EC5166AF31BC}.DebugAgent|ARM.ActiveCfg = DebugAgent|x64
		{1F891260-2039-494F-9777-EC5166AF31BC}.DebugAgent|x64.ActiveCfg = DebugAgent|x64
		{1F891260-2039-494F-9777-EC5166AF31BC}.DebugAgent|x64.Build.0 = DebugAgent|x64
		{1F891260-2039-494F-9777-EC5166AF31BC}.DebugAgent|x86.ActiveCfg = DebugAgent|x64
		{1F891260-2039-494F-9777-EC5166AF31BC}.DebugOpenSSL|ARM.ActiveCfg = DebugOpenSSL|x64
		{1F891260-2039-494F-9777-EC5166AF31BC}.DebugOpenSSL|x64.ActiveCfg = DebugOpenSSL|x64
		{1F891260-2039-494F-9777-EC5166AF31BC}.DebugOpenSSL|x64.Build.0 = DebugOpenSSL|x64
		{1F891260-2039-494F-9777-EC5166AF31BC}.DebugOpenSSL|x86.ActiveCfg = DebugOpenSSL|x64
		{1F891260-2039-494F-9777-EC5166AF31BC}.Release|ARM.ActiveCfg = Release|x64
		{1F891260-2039-494F-9777-EC5166AF31BC}.Release|x64.ActiveCfg = Release|x64
		{1F891260-2039-494F-9777-EC5166AF31BC}.Release|x64.Build.0 = Release|x64
		{1F891260-2039-494F-9777-EC5166AF31BC}.Release|x86.ActiveCfg = Release|x64
		{1F891260-2039-494F-9777-EC5166AF31BC}.ReleaseOpenSSL|ARM.ActiveCfg = ReleaseOpenSSL|x64
		{1F891260-2039-494F-9777-EC5166AF31BC}.ReleaseOpenSSL|x64.ActiveCfg = ReleaseOpenSSL|x64
		{1F891260-2039-494F-9777-EC5166AF31BC}.ReleaseOpenSSL|x64.Build.0 = ReleaseOpenSSL|x64
		{1F891260-2039-494F-9777-EC5166AF31BC}.ReleaseOpenSSL|x86.ActiveCfg = ReleaseOpenSSL|x64
	EndGlobalSection
	GlobalSection(SolutionProperties) = preSolution
		HideSolutionNode = FALSE
	EndGlobalSection
	GlobalSection(ExtensibilityGlobals) = postSolution
		SolutionGuid = {2C22702B-DF56-4CEB-9CA4-C999BD01FD03}
	EndGlobalSection
EndGlobal
