
Microsoft Visual Studio Solution File, Format Version 12.00
# Visual Studio Version 16
VisualStudioVersion = 16.0.29424.173
MinimumVisualStudioVersion = 10.0.40219.1
Project("{8BC9CEB8-8B4A-11D0-8D11-00A0C91BC942}") = "cli", "ovpn3-core.vcxproj", "{1F891260-2039-494F-9777-EC5166AF31BC}"
EndProject
Global
	GlobalSection(SolutionConfigurationPlatforms) = preSolution
		Debug|ARM64 = Debug|ARM64
		Debug|x64 = Debug|x64
		Debug|x86 = Debug|x86
		DebugAgent|ARM64 = DebugAgent|ARM64
		DebugAgent|x64 = DebugAgent|x64
		DebugAgent|x86 = DebugAgent|x86
		DebugOpenSSL|ARM64 = DebugOpenSSL|ARM64
		DebugOpenSSL|x64 = DebugOpenSSL|x64
		DebugOpenSSL|x86 = DebugOpenSSL|x86
		Release|ARM64 = Release|ARM64
		Release|x64 = Release|x64
		Release|x86 = Release|x86
		ReleaseOpenSSL|ARM64 = ReleaseOpenSSL|ARM64
		ReleaseOpenSSL|x64 = ReleaseOpenSSL|x64
		ReleaseOpenSSL|x86 = ReleaseOpenSSL|x86
	EndGlobalSection
	GlobalSection(ProjectConfigurationPlatforms) = postSolution
		{1F891260-2039-494F-9777-EC5166AF31BC}.Debug|ARM64.ActiveCfg = Debug|ARM64
		{1F891260-2039-494F-9777-EC5166AF31BC}.Debug|ARM64.Build.0 = Debug|ARM64
		{1F891260-2039-494F-9777-EC5166AF31BC}.Debug|x64.ActiveCfg = Debug|x64
		{1F891260-2039-494F-9777-EC5166AF31BC}.Debug|x64.Build.0 = Debug|x64
		{1F891260-2039-494F-9777-EC5166AF31BC}.Debug|x86.ActiveCfg = Debug|x64
		{1F891260-2039-494F-9777-EC5166AF31BC}.DebugAgent|ARM64.ActiveCfg = DebugAgent|ARM64
		{1F891260-2039-494F-9777-EC5166AF31BC}.DebugAgent|ARM64.Build.0 = DebugAgent|ARM64
		{1F891260-2039-494F-9777-EC5166AF31BC}.DebugAgent|x64.ActiveCfg = DebugAgent|x64
		{1F891260-2039-494F-9777-EC5166AF31BC}.DebugAgent|x64.Build.0 = DebugAgent|x64
		{1F891260-2039-494F-9777-EC5166AF31BC}.DebugAgent|x86.ActiveCfg = DebugAgent|x64
		{1F891260-2039-494F-9777-EC5166AF31BC}.DebugOpenSSL|ARM64.ActiveCfg = DebugOpenSSL|ARM64
		{1F891260-2039-494F-9777-EC5166AF31BC}.DebugOpenSSL|ARM64.Build.0 = DebugOpenSSL|ARM64
		{1F891260-2039-494F-9777-EC5166AF31BC}.DebugOpenSSL|x64.ActiveCfg = DebugOpenSSL|x64
		{1F891260-2039-494F-9777-EC5166AF31BC}.DebugOpenSSL|x64.Build.0 = DebugOpenSSL|x64
		{1F891260-2039-494F-9777-EC5166AF31BC}.DebugOpenSSL|x86.ActiveCfg = DebugOpenSSL|x64
		{1F891260-2039-494F-9777-EC5166AF31BC}.Release|ARM64.ActiveCfg = Release|ARM64
		{1F891260-2039-494F-9777-EC5166AF31BC}.Release|ARM64.Build.0 = Release|ARM64
		{1F891260-2039-494F-9777-EC5166AF31BC}.Release|x64.ActiveCfg = Release|x64
		{1F891260-2039-494F-9777-EC5166AF31BC}.Release|x64.Build.0 = Release|x64
		{1F891260-2039-494F-9777-EC5166AF31BC}.Release|x86.ActiveCfg = Release|x64
		{1F891260-2039-494F-9777-EC5166AF31BC}.ReleaseOpenSSL|ARM64.ActiveCfg = ReleaseOpenSSL|ARM64
		{1F891260-2039-494F-9777-EC5166AF31BC}.ReleaseOpenSSL|ARM64.Build.0 = ReleaseOpenSSL|ARM64
		{1F891260-2039-494F-9777-EC5166AF31BC}.ReleaseOpenSSL|x64.ActiveCfg = ReleaseOpenSSL|x64
		{1F891260-2039-494F-9777-EC5166AF31BC}.ReleaseOpenSSL|x64.Build.0 = ReleaseOpenSSL|x64
		{1F891260-2039-494F-9777-EC5166AF31BC}.ReleaseOpenSSL|x86.ActiveCfg = ReleaseOpenSSL|x64
	EndGlobalSection
	GlobalSection(SolutionProperties) = preSolution
		HideSolutionNode = FALSE
	EndGlobalSection
	GlobalSection(ExtensibilityGlobals) = postSolution
		SolutionGuid = {2C22702B-DF56-4CEB-9CA4-C999BD01FD03}
	EndGlobalSection
EndGlobal
